
Microsoft Visual Studio Solution File, Format Version 12.00
# Visual Studio Version 16
VisualStudioVersion = 16.0.30621.155
MinimumVisualStudioVersion = 10.0.40219.1
Project("{F184B08F-C81C-45F6-A57F-5ABD9991F28F}") = "InstagraService", "InstagraService\InstagraService.vbproj", "{0BD82CB6-6F4F-4F73-B5A5-812715D5353E}"
EndProject
Global
	GlobalSection(SolutionConfigurationPlatforms) = preSolution
		Debug|Any CPU = Debug|Any CPU
		Release|Any CPU = Release|Any CPU
	EndGlobalSection
	GlobalSection(ProjectConfigurationPlatforms) = postSolution
		{0BD82CB6-6F4F-4F73-B5A5-812715D5353E}.Debug|Any CPU.ActiveCfg = Debug|Any CPU
		{0BD82CB6-6F4F-4F73-B5A5-812715D5353E}.Debug|Any CPU.Build.0 = Debug|Any CPU
		{0BD82CB6-6F4F-4F73-B5A5-812715D5353E}.Release|Any CPU.ActiveCfg = Release|Any CPU
		{0BD82CB6-6F4F-4F73-B5A5-812715D5353E}.Release|Any CPU.Build.0 = Release|Any CPU
	EndGlobalSection
	GlobalSection(SolutionProperties) = preSolution
		HideSolutionNode = FALSE
	EndGlobalSection
	GlobalSection(ExtensibilityGlobals) = postSolution
		SolutionGuid = {5CFC712A-516E-43B4-8B0F-07A0BE614C58}
	EndGlobalSection
EndGlobal
